
Microsoft Visual Studio Solution File, Format Version 12.00
# Visual Studio 15
VisualStudioVersion = 15.0.26730.12
MinimumVisualStudioVersion = 10.0.40219.1
Project("{FAE04EC0-301F-11D3-BF4B-00C04F79EFBC}") = "Задание10", "Задание10\Задание10.csproj", "{E49E2DAE-2787-478E-A9D5-E40B8B15267E}"
EndProject
Global
	GlobalSection(SolutionConfigurationPlatforms) = preSolution
		Debug|Any CPU = Debug|Any CPU
		Release|Any CPU = Release|Any CPU
	EndGlobalSection
	GlobalSection(ProjectConfigurationPlatforms) = postSolution
		{E49E2DAE-2787-478E-A9D5-E40B8B15267E}.Debug|Any CPU.ActiveCfg = Debug|Any CPU
		{E49E2DAE-2787-478E-A9D5-E40B8B15267E}.Debug|Any CPU.Build.0 = Debug|Any CPU
		{E49E2DAE-2787-478E-A9D5-E40B8B15267E}.Release|Any CPU.ActiveCfg = Release|Any CPU
		{E49E2DAE-2787-478E-A9D5-E40B8B15267E}.Release|Any CPU.Build.0 = Release|Any CPU
	EndGlobalSection
	GlobalSection(SolutionProperties) = preSolution
		HideSolutionNode = FALSE
	EndGlobalSection
	GlobalSection(ExtensibilityGlobals) = postSolution
		SolutionGuid = {2AE0F561-53FC-464B-A786-9734CBD9C8C0}
	EndGlobalSection
EndGlobal
